
Microsoft Visual Studio Solution File, Format Version 12.00
Project("{FAE04EC0-301F-11D3-BF4B-00C04F79EFBC}") = "FutBot", "FutBot\FutBot.csproj", "{46FB2807-9800-4988-A0E4-BD7A4CA01C5B}"
EndProject
Global
	GlobalSection(SolutionConfigurationPlatforms) = preSolution
		Debug|Any CPU = Debug|Any CPU
		Release|Any CPU = Release|Any CPU
	EndGlobalSection
	GlobalSection(ProjectConfigurationPlatforms) = postSolution
		{46FB2807-9800-4988-A0E4-BD7A4CA01C5B}.Debug|Any CPU.ActiveCfg = Debug|Any CPU
		{46FB2807-9800-4988-A0E4-BD7A4CA01C5B}.Debug|Any CPU.Build.0 = Debug|Any CPU
		{46FB2807-9800-4988-A0E4-BD7A4CA01C5B}.Release|Any CPU.ActiveCfg = Release|Any CPU
		{46FB2807-9800-4988-A0E4-BD7A4CA01C5B}.Release|Any CPU.Build.0 = Release|Any CPU
	EndGlobalSection
EndGlobal
